
Microsoft Visual Studio Solution File, Format Version 12.00
# Visual Studio Version 16
VisualStudioVersion = 16.0.31702.278
MinimumVisualStudioVersion = 10.0.40219.1
Project("{FAE04EC0-301F-11D3-BF4B-00C04F79EFBC}") = "WebApplication2", "WebApplication2\WebApplication2.csproj", "{BFAD661C-B2AB-4B7B-8C71-97FB90FB3ADC}"
EndProject
Global
	GlobalSection(SolutionConfigurationPlatforms) = preSolution
		Debug|Any CPU = Debug|Any CPU
		Release|Any CPU = Release|Any CPU
	EndGlobalSection
	GlobalSection(ProjectConfigurationPlatforms) = postSolution
		{BFAD661C-B2AB-4B7B-8C71-97FB90FB3ADC}.Debug|Any CPU.ActiveCfg = Debug|Any CPU
		{BFAD661C-B2AB-4B7B-8C71-97FB90FB3ADC}.Debug|Any CPU.Build.0 = Debug|Any CPU
		{BFAD661C-B2AB-4B7B-8C71-97FB90FB3ADC}.Release|Any CPU.ActiveCfg = Release|Any CPU
		{BFAD661C-B2AB-4B7B-8C71-97FB90FB3ADC}.Release|Any CPU.Build.0 = Release|Any CPU
	EndGlobalSection
	GlobalSection(SolutionProperties) = preSolution
		HideSolutionNode = FALSE
	EndGlobalSection
	GlobalSection(ExtensibilityGlobals) = postSolution
		SolutionGuid = {07A2282B-8362-4581-9BC6-F3B35AAFCB43}
	EndGlobalSection
EndGlobal
